
Microsoft Visual Studio Solution File, Format Version 12.00
# Visual Studio Version 17
VisualStudioVersion = 17.10.34928.147
MinimumVisualStudioVersion = 10.0.40219.1
Project("{FAE04EC0-301F-11D3-BF4B-00C04F79EFBC}") = "pet", "pet\pet.csproj", "{EC22C416-91AE-4363-8C48-FF161AFDEE87}"
EndProject
Global
	GlobalSection(SolutionConfigurationPlatforms) = preSolution
		Debug|Any CPU = Debug|Any CPU
		Release|Any CPU = Release|Any CPU
	EndGlobalSection
	GlobalSection(ProjectConfigurationPlatforms) = postSolution
		{EC22C416-91AE-4363-8C48-FF161AFDEE87}.Debug|Any CPU.ActiveCfg = Debug|Any CPU
		{EC22C416-91AE-4363-8C48-FF161AFDEE87}.Debug|Any CPU.Build.0 = Debug|Any CPU
		{EC22C416-91AE-4363-8C48-FF161AFDEE87}.Release|Any CPU.ActiveCfg = Release|Any CPU
		{EC22C416-91AE-4363-8C48-FF161AFDEE87}.Release|Any CPU.Build.0 = Release|Any CPU
	EndGlobalSection
	GlobalSection(SolutionProperties) = preSolution
		HideSolutionNode = FALSE
	EndGlobalSection
	GlobalSection(ExtensibilityGlobals) = postSolution
		SolutionGuid = {A6486BB6-34D1-4333-8B30-BF88EC93B5CB}
	EndGlobalSection
EndGlobal
